<Solution>
    <Folder Name="/Solution Items/">
        <File Path=".env"/>
        <File Path="compose.yaml"/>
    </Folder>
    <Folder Name="/src/"/>
    <Folder Name="/src/services/"/>
    <Folder Name="/src/services/basket/">
        <Project Path="CourseHeaven.Basket.Api/CourseHeaven.Basket.Api.csproj"/>
    </Folder>
    <Folder Name="/src/services/catalog/">
        <Project Path="CourseHeaven.Catalog.Api/CourseHeaven.Catalog.Api.csproj"/>
    </Folder>
    <Folder Name="/src/services/discount/">
        <Project Path="CourseHeaven.Discount.Api/CourseHeaven.Discount.Api.csproj"/>
    </Folder>
    <Folder Name="/src/services/file/">
        <Project Path="CourseHeaven.File.Api/CourseHeaven.File.Api.csproj"/>
    </Folder>
    <Folder Name="/src/services/gateway/">
        <Project Path="CourseHeaven.Gateway/CourseHeaven.Gateway.csproj"/>
    </Folder>
    <Folder Name="/src/services/order/"/>
    <Folder Name="/src/services/order/api/">
        <Project Path="CourseHeaven.Order.Api/CourseHeaven.Order.Api.csproj"/>
    </Folder>
    <Folder Name="/src/services/order/core/">
        <Project Path="CourseHeaven.Order.Application/CourseHeaven.Order.Application.csproj"/>
        <Project Path="CourseHeaven.Order.Domain/CourseHeaven.Order.Domain.csproj"/>
    </Folder>
    <Folder Name="/src/services/order/infrastructure/">
        <Project Path="CourseHeaven.Order.Persistence/CourseHeaven.Order.Persistence.csproj"/>
    </Folder>
    <Folder Name="/src/services/payment/">
        <Project Path="CourseHeaven.Payment.Api/CourseHeaven.Payment.Api.csproj"/>
    </Folder>
    <Folder Name="/src/shared/">
        <Project Path="CourseHeaven.Bus/CourseHeaven.Bus.csproj"/>
        <Project Path="CourseHeaven.Shared/CourseHeaven.Shared.csproj"/>
    </Folder>
    <Folder Name="/src/ui/">
        <Project Path="CourseHeaven.Web/CourseHeaven.Web.csproj"/>
    </Folder>
</Solution>
