<Solution>
    <Folder Name="/Solution Items/">
        <File Path=".env"/>
        <File Path="compose.yaml"/>
    </Folder>
    <Folder Name="/src/"/>
    <Folder Name="/src/services/"/>
    <Folder Name="/src/services/basket/">
        <Project Path="CourseHeaven.Basket.Api/CourseHeaven.Basket.Api.csproj"/>
    </Folder>
    <Folder Name="/src/services/catalog/">
        <Project Path="CourseHeaven.Catalog.Api/CourseHeaven.Catalog.Api.csproj"/>
    </Folder>
    <Folder Name="/src/services/discount/">
        <Project Path="CourseHeaven.Discount.Api/CourseHeaven.Discount.Api.csproj"/>
    </Folder>
    <Folder Name="/src/services/file/">
        <Project Path="CourseHeaven.File.Api/CourseHeaven.File.Api.csproj"/>
    </Folder>
    <Folder Name="/src/shared/">
        <Project Path="CourseHeaven.Shared/CourseHeaven.Shared.csproj"/>
    </Folder>
</Solution>
